{
  "name": "d3",
  "version": "1.0.0",
  "lockfileVersion": 1,
  "requires": true,
  "dependencies": {
    "async": {
      "version": "1.5.2",
      "resolved": "https://registry.npm.taobao.org/async/download/async-1.5.2.tgz",
      "integrity": "sha1-7GphrlZIDAw8skHJVhjiCJL5Zyo="
    },
    "colors": {
      "version": "1.0.3",
      "resolved": "https://registry.npm.taobao.org/colors/download/colors-1.0.3.tgz?cache=0&other_urls=https%3A%2F%2Fregistry.npm.taobao.org%2Fcolors%2Fdownload%2Fcolors-1.0.3.tgz",
      "integrity": "sha1-BDP0TYCWgP3rYO0mDxsMJi6CpAs="
    },
    "corser": {
      "version": "2.0.1",
      "resolved": "https://registry.npm.taobao.org/corser/download/corser-2.0.1.tgz",
      "integrity": "sha1-jtolLsqrWEDc2XXOuQ2TcMgZ/4c="
    },
    "ecstatic": {
      "version": "3.3.2",
      "resolved": "https://registry.npm.taobao.org/ecstatic/download/ecstatic-3.3.2.tgz",
      "integrity": "sha1-bR3UmBTQBZRoLGUq22YHamnUbEg=",
      "requires": {
        "he": "^1.1.1",
        "mime": "^1.6.0",
        "minimist": "^1.1.0",
        "url-join": "^2.0.5"
      }
    },
    "eventemitter3": {
      "version": "3.1.2",
      "resolved": "https://registry.npm.taobao.org/eventemitter3/download/eventemitter3-3.1.2.tgz?cache=0&sync_timestamp=1560950873670&other_urls=https%3A%2F%2Fregistry.npm.taobao.org%2Feventemitter3%2Fdownload%2Feventemitter3-3.1.2.tgz",
      "integrity": "sha1-LT1I+cNGaY/Og6hdfWZOmFNd9uc="
    },
    "follow-redirects": {
      "version": "1.14.7",
      "resolved": "https://registry.npmjs.org/follow-redirects/-/follow-redirects-1.14.7.tgz",
      "integrity": "sha512-+hbxoLbFMbRKDwohX8GkTataGqO6Jb7jGwpAlwgy2bIz25XtRm7KEzJM76R1WiNT5SwZkX4Y75SwBolkpmE7iQ=="
    },
    "he": {
      "version": "1.2.0",
      "resolved": "https://registry.npm.taobao.org/he/download/he-1.2.0.tgz",
      "integrity": "sha1-hK5l+n6vsWX922FWauFLrwVmTw8="
    },
    "http-proxy": {
      "version": "1.17.0",
      "resolved": "https://registry.npm.taobao.org/http-proxy/download/http-proxy-1.17.0.tgz",
      "integrity": "sha1-etOElGWPhGBeL220Q230EPTlvpo=",
      "requires": {
        "eventemitter3": "^3.0.0",
        "follow-redirects": "^1.0.0",
        "requires-port": "^1.0.0"
      }
    },
    "http-server": {
      "version": "0.11.1",
      "resolved": "https://registry.npm.taobao.org/http-server/download/http-server-0.11.1.tgz",
      "integrity": "sha1-IwKlam/+9/mr6gFH2Dil6ba2p5s=",
      "requires": {
        "colors": "1.0.3",
        "corser": "~2.0.0",
        "ecstatic": "^3.0.0",
        "http-proxy": "^1.8.1",
        "opener": "~1.4.0",
        "optimist": "0.6.x",
        "portfinder": "^1.0.13",
        "union": "~0.4.3"
      }
    },
    "mime": {
      "version": "1.6.0",
      "resolved": "https://registry.npm.taobao.org/mime/download/mime-1.6.0.tgz?cache=0&sync_timestamp=1560034758817&other_urls=https%3A%2F%2Fregistry.npm.taobao.org%2Fmime%2Fdownload%2Fmime-1.6.0.tgz",
      "integrity": "sha1-Ms2eXGRVO9WNGaVor0Uqz/BJgbE="
    },
    "minimist": {
      "version": "1.2.0",
      "resolved": "https://registry.npm.taobao.org/minimist/download/minimist-1.2.0.tgz",
      "integrity": "sha1-o1AIsg9BOD7sH7kU9M1d95omQoQ="
    },
    "mkdirp": {
      "version": "0.5.1",
      "resolved": "https://registry.npm.taobao.org/mkdirp/download/mkdirp-0.5.1.tgz?cache=0&other_urls=https%3A%2F%2Fregistry.npm.taobao.org%2Fmkdirp%2Fdownload%2Fmkdirp-0.5.1.tgz",
      "integrity": "sha1-MAV0OOrGz3+MR2fzhkjWaX11yQM=",
      "requires": {
        "minimist": "0.0.8"
      },
      "dependencies": {
        "minimist": {
          "version": "0.0.8",
          "resolved": "https://registry.npm.taobao.org/minimist/download/minimist-0.0.8.tgz",
          "integrity": "sha1-hX/Kv8M5fSYluCKCYuhqp6ARsF0="
        }
      }
    },
    "opener": {
      "version": "1.4.3",
      "resolved": "https://registry.npm.taobao.org/opener/download/opener-1.4.3.tgz",
      "integrity": "sha1-XG2ixdflgx6P+jlklQ+NZnSskLg="
    },
    "optimist": {
      "version": "0.6.1",
      "resolved": "https://registry.npm.taobao.org/optimist/download/optimist-0.6.1.tgz",
      "integrity": "sha1-2j6nRob6IaGaERwybpDrFaAZZoY=",
      "requires": {
        "minimist": "~0.0.1",
        "wordwrap": "~0.0.2"
      },
      "dependencies": {
        "minimist": {
          "version": "0.0.10",
          "resolved": "https://registry.npm.taobao.org/minimist/download/minimist-0.0.10.tgz",
          "integrity": "sha1-3j+YVD2/lggr5IrRoMfNqDYwHc8="
        }
      }
    },
    "portfinder": {
      "version": "1.0.20",
      "resolved": "https://registry.npm.taobao.org/portfinder/download/portfinder-1.0.20.tgz",
      "integrity": "sha1-vqaGMuVLLhOrewxHdem0G/Jw5Eo=",
      "requires": {
        "async": "^1.5.2",
        "debug": "^2.2.0",
        "mkdirp": "0.5.x"
      },
      "dependencies": {
        "debug": {
          "version": "2.6.9",
          "resolved": "https://registry.npm.taobao.org/debug/download/debug-2.6.9.tgz?cache=0&other_urls=https%3A%2F%2Fregistry.npm.taobao.org%2Fdebug%2Fdownload%2Fdebug-2.6.9.tgz",
          "integrity": "sha1-XRKFFd8TT/Mn6QpMk/Tgd6U2NB8=",
          "requires": {
            "ms": "2.0.0"
          }
        },
        "ms": {
          "version": "2.0.0",
          "resolved": "https://registry.npm.taobao.org/ms/download/ms-2.0.0.tgz?cache=0&other_urls=https%3A%2F%2Fregistry.npm.taobao.org%2Fms%2Fdownload%2Fms-2.0.0.tgz",
          "integrity": "sha1-VgiurfwAvmwpAd9fmGF4jeDVl8g="
        }
      }
    },
    "qs": {
      "version": "2.3.3",
      "resolved": "https://registry.npm.taobao.org/qs/download/qs-2.3.3.tgz?cache=0&other_urls=https%3A%2F%2Fregistry.npm.taobao.org%2Fqs%2Fdownload%2Fqs-2.3.3.tgz",
      "integrity": "sha1-6eha2+ddoLvkyOBHaghikPhjtAQ="
    },
    "requires-port": {
      "version": "1.0.0",
      "resolved": "https://registry.npm.taobao.org/requires-port/download/requires-port-1.0.0.tgz",
      "integrity": "sha1-kl0mAdOaxIXgkc8NpcbmlNw9yv8="
    },
    "union": {
      "version": "0.4.6",
      "resolved": "https://registry.npm.taobao.org/union/download/union-0.4.6.tgz",
      "integrity": "sha1-GY+9rrolTniLDvy2MLwR8kopWeA=",
      "requires": {
        "qs": "~2.3.3"
      }
    },
    "url-join": {
      "version": "2.0.5",
      "resolved": "https://registry.npm.taobao.org/url-join/download/url-join-2.0.5.tgz",
      "integrity": "sha1-WvIvGMBSoACkjXuCxenC4v7tpyg="
    },
    "wordwrap": {
      "version": "0.0.3",
      "resolved": "https://registry.npm.taobao.org/wordwrap/download/wordwrap-0.0.3.tgz",
      "integrity": "sha1-o9XabNXAvAAI03I0u68b7WMFkQc="
    }
  }
}
